
Microsoft Visual Studio Solution File, Format Version 12.00
# Visual Studio 2017
Project("{FAE04EC0-301F-11D3-BF4B-00C04F79EFBC}") = "codeandgo.Plugins", "codeandgo.Plugins.csproj", "{A6180DE4-113D-3433-6ADE-0B70C61446A7}"
EndProject
Project("{FAE04EC0-301F-11D3-BF4B-00C04F79EFBC}") = "codeandgo", "codeandgo.csproj", "{166A1DD5-C3BC-BBCE-92F0-EA41AB56B54D}"
EndProject
Project("{FAE04EC0-301F-11D3-BF4B-00C04F79EFBC}") = "codeandgo.Editor.Plugins", "codeandgo.Editor.Plugins.csproj", "{9617FEF8-A99A-F6D1-CC81-ACCC9ECCF207}"
EndProject
Global
	GlobalSection(SolutionConfigurationPlatforms) = preSolution
		Debug|Any CPU = Debug|Any CPU
		Release|Any CPU = Release|Any CPU
	EndGlobalSection
	GlobalSection(ProjectConfigurationPlatforms) = postSolution
		{A6180DE4-113D-3433-6ADE-0B70C61446A7}.Debug|Any CPU.ActiveCfg = Debug|Any CPU
		{A6180DE4-113D-3433-6ADE-0B70C61446A7}.Debug|Any CPU.Build.0 = Debug|Any CPU
		{A6180DE4-113D-3433-6ADE-0B70C61446A7}.Release|Any CPU.ActiveCfg = Release|Any CPU
		{A6180DE4-113D-3433-6ADE-0B70C61446A7}.Release|Any CPU.Build.0 = Release|Any CPU
		{166A1DD5-C3BC-BBCE-92F0-EA41AB56B54D}.Debug|Any CPU.ActiveCfg = Debug|Any CPU
		{166A1DD5-C3BC-BBCE-92F0-EA41AB56B54D}.Debug|Any CPU.Build.0 = Debug|Any CPU
		{166A1DD5-C3BC-BBCE-92F0-EA41AB56B54D}.Release|Any CPU.ActiveCfg = Release|Any CPU
		{166A1DD5-C3BC-BBCE-92F0-EA41AB56B54D}.Release|Any CPU.Build.0 = Release|Any CPU
		{9617FEF8-A99A-F6D1-CC81-ACCC9ECCF207}.Debug|Any CPU.ActiveCfg = Debug|Any CPU
		{9617FEF8-A99A-F6D1-CC81-ACCC9ECCF207}.Debug|Any CPU.Build.0 = Debug|Any CPU
		{9617FEF8-A99A-F6D1-CC81-ACCC9ECCF207}.Release|Any CPU.ActiveCfg = Release|Any CPU
		{9617FEF8-A99A-F6D1-CC81-ACCC9ECCF207}.Release|Any CPU.Build.0 = Release|Any CPU
	EndGlobalSection
	GlobalSection(SolutionProperties) = preSolution
		HideSolutionNode = FALSE
	EndGlobalSection
EndGlobal
